
Microsoft Visual Studio Solution File, Format Version 12.00
# Visual Studio Version 16
VisualStudioVersion = 16.0.29806.167
MinimumVisualStudioVersion = 10.0.40219.1
Project("{9A19103F-16F7-4668-BE54-9A1E7A4F7556}") = "TWN4Api", "TWN4\TWN4Api.csproj", "{22966E6B-8B71-46C4-863D-E5F54BE89BAE}"
EndProject
Project("{8BC9CEB8-8B4A-11D0-8D11-00A0C91BC942}") = "TWN4lib", "TWN4lib\TWN4lib.vcxproj", "{2EE48C03-8171-4DF8-A68E-D529CBB3E344}"
EndProject
Global
	GlobalSection(SolutionConfigurationPlatforms) = preSolution
		Debug|Any CPU = Debug|Any CPU
		Debug|x64 = Debug|x64
		Debug|x86 = Debug|x86
		Release|Any CPU = Release|Any CPU
		Release|x64 = Release|x64
		Release|x86 = Release|x86
	EndGlobalSection
	GlobalSection(ProjectConfigurationPlatforms) = postSolution
		{22966E6B-8B71-46C4-863D-E5F54BE89BAE}.Debug|Any CPU.ActiveCfg = Debug|Any CPU
		{22966E6B-8B71-46C4-863D-E5F54BE89BAE}.Debug|Any CPU.Build.0 = Debug|Any CPU
		{22966E6B-8B71-46C4-863D-E5F54BE89BAE}.Debug|x64.ActiveCfg = Debug|Any CPU
		{22966E6B-8B71-46C4-863D-E5F54BE89BAE}.Debug|x64.Build.0 = Debug|Any CPU
		{22966E6B-8B71-46C4-863D-E5F54BE89BAE}.Debug|x86.ActiveCfg = Debug|Any CPU
		{22966E6B-8B71-46C4-863D-E5F54BE89BAE}.Debug|x86.Build.0 = Debug|Any CPU
		{22966E6B-8B71-46C4-863D-E5F54BE89BAE}.Release|Any CPU.ActiveCfg = Release|Any CPU
		{22966E6B-8B71-46C4-863D-E5F54BE89BAE}.Release|Any CPU.Build.0 = Release|Any CPU
		{22966E6B-8B71-46C4-863D-E5F54BE89BAE}.Release|x64.ActiveCfg = Release|Any CPU
		{22966E6B-8B71-46C4-863D-E5F54BE89BAE}.Release|x64.Build.0 = Release|Any CPU
		{22966E6B-8B71-46C4-863D-E5F54BE89BAE}.Release|x86.ActiveCfg = Release|Any CPU
		{22966E6B-8B71-46C4-863D-E5F54BE89BAE}.Release|x86.Build.0 = Release|Any CPU
		{2EE48C03-8171-4DF8-A68E-D529CBB3E344}.Debug|Any CPU.ActiveCfg = Debug|Win32
		{2EE48C03-8171-4DF8-A68E-D529CBB3E344}.Debug|x64.ActiveCfg = Debug|x64
		{2EE48C03-8171-4DF8-A68E-D529CBB3E344}.Debug|x64.Build.0 = Debug|x64
		{2EE48C03-8171-4DF8-A68E-D529CBB3E344}.Debug|x86.ActiveCfg = Debug|Win32
		{2EE48C03-8171-4DF8-A68E-D529CBB3E344}.Debug|x86.Build.0 = Debug|Win32
		{2EE48C03-8171-4DF8-A68E-D529CBB3E344}.Release|Any CPU.ActiveCfg = Release|Win32
		{2EE48C03-8171-4DF8-A68E-D529CBB3E344}.Release|x64.ActiveCfg = Release|x64
		{2EE48C03-8171-4DF8-A68E-D529CBB3E344}.Release|x64.Build.0 = Release|x64
		{2EE48C03-8171-4DF8-A68E-D529CBB3E344}.Release|x86.ActiveCfg = Release|Win32
		{2EE48C03-8171-4DF8-A68E-D529CBB3E344}.Release|x86.Build.0 = Release|Win32
	EndGlobalSection
	GlobalSection(SolutionProperties) = preSolution
		HideSolutionNode = FALSE
	EndGlobalSection
	GlobalSection(ExtensibilityGlobals) = postSolution
		SolutionGuid = {15DAF5ED-B7CB-4200-A1E9-B01173321EBF}
	EndGlobalSection
EndGlobal
